
Microsoft Visual Studio Solution File, Format Version 12.00
# Visual Studio Version 17
VisualStudioVersion = 17.14.36109.1 d17.14
MinimumVisualStudioVersion = 10.0.40219.1
Project("{FAE04EC0-301F-11D3-BF4B-00C04F79EFBC}") = "QQBot_Jump", "QQBot_Jump.csproj", "{0652D59E-44CD-4695-BB17-D58CBD3F0347}"
EndProject
Global
	GlobalSection(SolutionConfigurationPlatforms) = preSolution
		Debug|Any CPU = Debug|Any CPU
		Release|Any CPU = Release|Any CPU
	EndGlobalSection
	GlobalSection(ProjectConfigurationPlatforms) = postSolution
		{0652D59E-44CD-4695-BB17-D58CBD3F0347}.Debug|Any CPU.ActiveCfg = Debug|Any CPU
		{0652D59E-44CD-4695-BB17-D58CBD3F0347}.Debug|Any CPU.Build.0 = Debug|Any CPU
		{0652D59E-44CD-4695-BB17-D58CBD3F0347}.Release|Any CPU.ActiveCfg = Release|Any CPU
		{0652D59E-44CD-4695-BB17-D58CBD3F0347}.Release|Any CPU.Build.0 = Release|Any CPU
	EndGlobalSection
	GlobalSection(SolutionProperties) = preSolution
		HideSolutionNode = FALSE
	EndGlobalSection
	GlobalSection(ExtensibilityGlobals) = postSolution
		SolutionGuid = {61C959E3-F279-4ADA-B8D2-577D0034E1D0}
	EndGlobalSection
EndGlobal
